// !$*UTF8*$!
{
	archiveVersion = 1;
	classes = {
	};
	objectVersion = 46;
	objects = {

/* Begin PBXBuildFile section */
		97BBEE191BDBDF1B00AE1782 /* main.m in Sources */ = {isa = PBXBuildFile; fileRef = 97BBEE181BDBDF1B00AE1782 /* main.m */; };
		97BBEE1C1BDBDF1B00AE1782 /* AppDelegate.m in Sources */ = {isa = PBXBuildFile; fileRef = 97BBEE1B1BDBDF1B00AE1782 /* AppDelegate.m */; };
		97BBEE221BDBDF1B00AE1782 /* Main.storyboard in Resources */ = {isa = PBXBuildFile; fileRef = 97BBEE201BDBDF1B00AE1782 /* Main.storyboard */; };
		97BBEE241BDBDF1B00AE1782 /* Assets.xcassets in Resources */ = {isa = PBXBuildFile; fileRef = 97BBEE231BDBDF1B00AE1782 /* Assets.xcassets */; };
		97BBEE271BDBDF1B00AE1782 /* LaunchScreen.storyboard in Resources */ = {isa = PBXBuildFile; fileRef = 97BBEE251BDBDF1B00AE1782 /* LaunchScreen.storyboard */; };
		97BBEE361BDBDF3D00AE1782 /* CLMenuViewContoller.m in Sources */ = {isa = PBXBuildFile; fileRef = 97BBEE311BDBDF3D00AE1782 /* CLMenuViewContoller.m */; settings = {ASSET_TAGS = (); }; };
		97BBEE371BDBDF3D00AE1782 /* CLDeckMenuHeadView.m in Sources */ = {isa = PBXBuildFile; fileRef = 97BBEE351BDBDF3D00AE1782 /* CLDeckMenuHeadView.m */; settings = {ASSET_TAGS = (); }; };
		97BBEE391BDC077400AE1782 /* menu.plist in Resources */ = {isa = PBXBuildFile; fileRef = 97BBEE381BDC077400AE1782 /* menu.plist */; settings = {ASSET_TAGS = (); }; };
		97BBEE3B1BDC199200AE1782 /* CLSelectButtonView.xib in Resources */ = {isa = PBXBuildFile; fileRef = 97BBEE3A1BDC199200AE1782 /* CLSelectButtonView.xib */; settings = {ASSET_TAGS = (); }; };
		97BBEE3E1BDC1B6600AE1782 /* CLSelectButtonView.m in Sources */ = {isa = PBXBuildFile; fileRef = 97BBEE3D1BDC1B6600AE1782 /* CLSelectButtonView.m */; settings = {ASSET_TAGS = (); }; };
/* End PBXBuildFile section */

/* Begin PBXFileReference section */
		97BBEE141BDBDF1A00AE1782 /* Deck界面2.app */ = {isa = PBXFileReference; explicitFileType = wrapper.application; includeInIndex = 0; path = "Deck界面2.app"; sourceTree = BUILT_PRODUCTS_DIR; };
		97BBEE181BDBDF1B00AE1782 /* main.m */ = {isa = PBXFileReference; lastKnownFileType = sourcecode.c.objc; path = main.m; sourceTree = "<group>"; };
		97BBEE1A1BDBDF1B00AE1782 /* AppDelegate.h */ = {isa = PBXFileReference; lastKnownFileType = sourcecode.c.h; path = AppDelegate.h; sourceTree = "<group>"; };
		97BBEE1B1BDBDF1B00AE1782 /* AppDelegate.m */ = {isa = PBXFileReference; lastKnownFileType = sourcecode.c.objc; path = AppDelegate.m; sourceTree = "<group>"; };
		97BBEE211BDBDF1B00AE1782 /* Base */ = {isa = PBXFileReference; lastKnownFileType = file.storyboard; name = Base; path = Base.lproj/Main.storyboard; sourceTree = "<group>"; };
		97BBEE231BDBDF1B00AE1782 /* Assets.xcassets */ = {isa = PBXFileReference; lastKnownFileType = folder.assetcatalog; path = Assets.xcassets; sourceTree = "<group>"; };
		97BBEE261BDBDF1B00AE1782 /* Base */ = {isa = PBXFileReference; lastKnownFileType = file.storyboard; name = Base; path = Base.lproj/LaunchScreen.storyboard; sourceTree = "<group>"; };
		97BBEE281BDBDF1B00AE1782 /* Info.plist */ = {isa = PBXFileReference; lastKnownFileType = text.plist.xml; path = Info.plist; sourceTree = "<group>"; };
		97BBEE301BDBDF3D00AE1782 /* CLMenuViewContoller.h */ = {isa = PBXFileReference; fileEncoding = 4; lastKnownFileType = sourcecode.c.h; path = CLMenuViewContoller.h; sourceTree = "<group>"; };
		97BBEE311BDBDF3D00AE1782 /* CLMenuViewContoller.m */ = {isa = PBXFileReference; fileEncoding = 4; lastKnownFileType = sourcecode.c.objc; path = CLMenuViewContoller.m; sourceTree = "<group>"; };
		97BBEE341BDBDF3D00AE1782 /* CLDeckMenuHeadView.h */ = {isa = PBXFileReference; fileEncoding = 4; lastKnownFileType = sourcecode.c.h; path = CLDeckMenuHeadView.h; sourceTree = "<group>"; };
		97BBEE351BDBDF3D00AE1782 /* CLDeckMenuHeadView.m */ = {isa = PBXFileReference; fileEncoding = 4; lastKnownFileType = sourcecode.c.objc; path = CLDeckMenuHeadView.m; sourceTree = "<group>"; };
		97BBEE381BDC077400AE1782 /* menu.plist */ = {isa = PBXFileReference; fileEncoding = 4; lastKnownFileType = text.plist.xml; name = menu.plist; path = Classes/Controllers/menu.plist; sourceTree = "<group>"; };
		97BBEE3A1BDC199200AE1782 /* CLSelectButtonView.xib */ = {isa = PBXFileReference; fileEncoding = 4; lastKnownFileType = file.xib; path = CLSelectButtonView.xib; sourceTree = "<group>"; };
		97BBEE3C1BDC1B6600AE1782 /* CLSelectButtonView.h */ = {isa = PBXFileReference; fileEncoding = 4; lastKnownFileType = sourcecode.c.h; path = CLSelectButtonView.h; sourceTree = "<group>"; };
		97BBEE3D1BDC1B6600AE1782 /* CLSelectButtonView.m */ = {isa = PBXFileReference; fileEncoding = 4; lastKnownFileType = sourcecode.c.objc; path = CLSelectButtonView.m; sourceTree = "<group>"; };
/* End PBXFileReference section */

/* Begin PBXFrameworksBuildPhase section */
		97BBEE111BDBDF1A00AE1782 /* Frameworks */ = {
			isa = PBXFrameworksBuildPhase;
			buildActionMask = 2147483647;
			files = (
			);
			runOnlyForDeploymentPostprocessing = 0;
		};
/* End PBXFrameworksBuildPhase section */

/* Begin PBXGroup section */
		97BBEE0B1BDBDF1A00AE1782 = {
			isa = PBXGroup;
			children = (
				97BBEE161BDBDF1B00AE1782 /* Deck界面2 */,
				97BBEE151BDBDF1A00AE1782 /* Products */,
			);
			sourceTree = "<group>";
		};
		97BBEE151BDBDF1A00AE1782 /* Products */ = {
			isa = PBXGroup;
			children = (
				97BBEE141BDBDF1A00AE1782 /* Deck界面2.app */,
			);
			name = Products;
			sourceTree = "<group>";
		};
		97BBEE161BDBDF1B00AE1782 /* Deck界面2 */ = {
			isa = PBXGroup;
			children = (
				97BBEE2E1BDBDF3D00AE1782 /* Classes */,
				97BBEE1A1BDBDF1B00AE1782 /* AppDelegate.h */,
				97BBEE1B1BDBDF1B00AE1782 /* AppDelegate.m */,
				97BBEE201BDBDF1B00AE1782 /* Main.storyboard */,
				97BBEE231BDBDF1B00AE1782 /* Assets.xcassets */,
				97BBEE251BDBDF1B00AE1782 /* LaunchScreen.storyboard */,
				97BBEE281BDBDF1B00AE1782 /* Info.plist */,
				97BBEE171BDBDF1B00AE1782 /* Supporting Files */,
			);
			path = "Deck界面2";
			sourceTree = "<group>";
		};
		97BBEE171BDBDF1B00AE1782 /* Supporting Files */ = {
			isa = PBXGroup;
			children = (
				97BBEE381BDC077400AE1782 /* menu.plist */,
				97BBEE181BDBDF1B00AE1782 /* main.m */,
			);
			name = "Supporting Files";
			sourceTree = "<group>";
		};
		97BBEE2E1BDBDF3D00AE1782 /* Classes */ = {
			isa = PBXGroup;
			children = (
				97BBEE2F1BDBDF3D00AE1782 /* Controllers */,
				97BBEE321BDBDF3D00AE1782 /* Models */,
				97BBEE331BDBDF3D00AE1782 /* Views */,
			);
			path = Classes;
			sourceTree = "<group>";
		};
		97BBEE2F1BDBDF3D00AE1782 /* Controllers */ = {
			isa = PBXGroup;
			children = (
				97BBEE301BDBDF3D00AE1782 /* CLMenuViewContoller.h */,
				97BBEE311BDBDF3D00AE1782 /* CLMenuViewContoller.m */,
			);
			path = Controllers;
			sourceTree = "<group>";
		};
		97BBEE321BDBDF3D00AE1782 /* Models */ = {
			isa = PBXGroup;
			children = (
			);
			path = Models;
			sourceTree = "<group>";
		};
		97BBEE331BDBDF3D00AE1782 /* Views */ = {
			isa = PBXGroup;
			children = (
				97BBEE341BDBDF3D00AE1782 /* CLDeckMenuHeadView.h */,
				97BBEE351BDBDF3D00AE1782 /* CLDeckMenuHeadView.m */,
				97BBEE3A1BDC199200AE1782 /* CLSelectButtonView.xib */,
				97BBEE3C1BDC1B6600AE1782 /* CLSelectButtonView.h */,
				97BBEE3D1BDC1B6600AE1782 /* CLSelectButtonView.m */,
			);
			path = Views;
			sourceTree = "<group>";
		};
/* End PBXGroup section */

/* Begin PBXNativeTarget section */
		97BBEE131BDBDF1A00AE1782 /* Deck界面2 */ = {
			isa = PBXNativeTarget;
			buildConfigurationList = 97BBEE2B1BDBDF1B00AE1782 /* Build configuration list for PBXNativeTarget "Deck界面2" */;
			buildPhases = (
				97BBEE101BDBDF1A00AE1782 /* Sources */,
				97BBEE111BDBDF1A00AE1782 /* Frameworks */,
				97BBEE121BDBDF1A00AE1782 /* Resources */,
			);
			buildRules = (
			);
			dependencies = (
			);
			name = "Deck界面2";
			productName = "Deck界面2";
			productReference = 97BBEE141BDBDF1A00AE1782 /* Deck界面2.app */;
			productType = "com.apple.product-type.application";
		};
/* End PBXNativeTarget section */

/* Begin PBXProject section */
		97BBEE0C1BDBDF1A00AE1782 /* Project object */ = {
			isa = PBXProject;
			attributes = {
				LastUpgradeCheck = 0700;
				ORGANIZATIONNAME = ChenLin;
				TargetAttributes = {
					97BBEE131BDBDF1A00AE1782 = {
						CreatedOnToolsVersion = 7.0.1;
					};
				};
			};
			buildConfigurationList = 97BBEE0F1BDBDF1A00AE1782 /* Build configuration list for PBXProject "Deck界面2" */;
			compatibilityVersion = "Xcode 3.2";
			developmentRegion = English;
			hasScannedForEncodings = 0;
			knownRegions = (
				en,
				Base,
			);
			mainGroup = 97BBEE0B1BDBDF1A00AE1782;
			productRefGroup = 97BBEE151BDBDF1A00AE1782 /* Products */;
			projectDirPath = "";
			projectRoot = "";
			targets = (
				97BBEE131BDBDF1A00AE1782 /* Deck界面2 */,
			);
		};
/* End PBXProject section */

/* Begin PBXResourcesBuildPhase section */
		97BBEE121BDBDF1A00AE1782 /* Resources */ = {
			isa = PBXResourcesBuildPhase;
			buildActionMask = 2147483647;
			files = (
				97BBEE271BDBDF1B00AE1782 /* LaunchScreen.storyboard in Resources */,
				97BBEE391BDC077400AE1782 /* menu.plist in Resources */,
				97BBEE241BDBDF1B00AE1782 /* Assets.xcassets in Resources */,
				97BBEE3B1BDC199200AE1782 /* CLSelectButtonView.xib in Resources */,
				97BBEE221BDBDF1B00AE1782 /* Main.storyboard in Resources */,
			);
			runOnlyForDeploymentPostprocessing = 0;
		};
/* End PBXResourcesBuildPhase section */

/* Begin PBXSourcesBuildPhase section */
		97BBEE101BDBDF1A00AE1782 /* Sources */ = {
			isa = PBXSourcesBuildPhase;
			buildActionMask = 2147483647;
			files = (
				97BBEE371BDBDF3D00AE1782 /* CLDeckMenuHeadView.m in Sources */,
				97BBEE361BDBDF3D00AE1782 /* CLMenuViewContoller.m in Sources */,
				97BBEE1C1BDBDF1B00AE1782 /* AppDelegate.m in Sources */,
				97BBEE191BDBDF1B00AE1782 /* main.m in Sources */,
				97BBEE3E1BDC1B6600AE1782 /* CLSelectButtonView.m in Sources */,
			);
			runOnlyForDeploymentPostprocessing = 0;
		};
/* End PBXSourcesBuildPhase section */

/* Begin PBXVariantGroup section */
		97BBEE201BDBDF1B00AE1782 /* Main.storyboard */ = {
			isa = PBXVariantGroup;
			children = (
				97BBEE211BDBDF1B00AE1782 /* Base */,
			);
			name = Main.storyboard;
			sourceTree = "<group>";
		};
		97BBEE251BDBDF1B00AE1782 /* LaunchScreen.storyboard */ = {
			isa = PBXVariantGroup;
			children = (
				97BBEE261BDBDF1B00AE1782 /* Base */,
			);
			name = LaunchScreen.storyboard;
			sourceTree = "<group>";
		};
/* End PBXVariantGroup section */

/* Begin XCBuildConfiguration section */
		97BBEE291BDBDF1B00AE1782 /* Debug */ = {
			isa = XCBuildConfiguration;
			buildSettings = {
				ALWAYS_SEARCH_USER_PATHS = NO;
				CLANG_CXX_LANGUAGE_STANDARD = "gnu++0x";
				CLANG_CXX_LIBRARY = "libc++";
				CLANG_ENABLE_MODULES = YES;
				CLANG_ENABLE_OBJC_ARC = YES;
				CLANG_WARN_BOOL_CONVERSION = YES;
				CLANG_WARN_CONSTANT_CONVERSION = YES;
				CLANG_WARN_DIRECT_OBJC_ISA_USAGE = YES_ERROR;
				CLANG_WARN_EMPTY_BODY = YES;
				CLANG_WARN_ENUM_CONVERSION = YES;
				CLANG_WARN_INT_CONVERSION = YES;
				CLANG_WARN_OBJC_ROOT_CLASS = YES_ERROR;
				CLANG_WARN_UNREACHABLE_CODE = YES;
				CLANG_WARN__DUPLICATE_METHOD_MATCH = YES;
				"CODE_SIGN_IDENTITY[sdk=iphoneos*]" = "iPhone Developer";
				COPY_PHASE_STRIP = NO;
				DEBUG_INFORMATION_FORMAT = dwarf;
				ENABLE_STRICT_OBJC_MSGSEND = YES;
				ENABLE_TESTABILITY = YES;
				GCC_C_LANGUAGE_STANDARD = gnu99;
				GCC_DYNAMIC_NO_PIC = NO;
				GCC_NO_COMMON_BLOCKS = YES;
				GCC_OPTIMIZATION_LEVEL = 0;
				GCC_PREPROCESSOR_DEFINITIONS = (
					"DEBUG=1",
					"$(inherited)",
				);
				GCC_WARN_64_TO_32_BIT_CONVERSION = YES;
				GCC_WARN_ABOUT_RETURN_TYPE = YES_ERROR;
				GCC_WARN_UNDECLARED_SELECTOR = YES;
				GCC_WARN_UNINITIALIZED_AUTOS = YES_AGGRESSIVE;
				GCC_WARN_UNUSED_FUNCTION = YES;
				GCC_WARN_UNUSED_VARIABLE = YES;
				IPHONEOS_DEPLOYMENT_TARGET = 9.0;
				MTL_ENABLE_DEBUG_INFO = YES;
				ONLY_ACTIVE_ARCH = YES;
				SDKROOT = iphoneos;
			};
			name = Debug;
		};
		97BBEE2A1BDBDF1B00AE1782 /* Release */ = {
			isa = XCBuildConfiguration;
			buildSettings = {
				ALWAYS_SEARCH_USER_PATHS = NO;
				CLANG_CXX_LANGUAGE_STANDARD = "gnu++0x";
				CLANG_CXX_LIBRARY = "libc++";
				CLANG_ENABLE_MODULES = YES;
				CLANG_ENABLE_OBJC_ARC = YES;
				CLANG_WARN_BOOL_CONVERSION = YES;
				CLANG_WARN_CONSTANT_CONVERSION = YES;
				CLANG_WARN_DIRECT_OBJC_ISA_USAGE = YES_ERROR;
				CLANG_WARN_EMPTY_BODY = YES;
				CLANG_WARN_ENUM_CONVERSION = YES;
				CLANG_WARN_INT_CONVERSION = YES;
				CLANG_WARN_OBJC_ROOT_CLASS = YES_ERROR;
				CLANG_WARN_UNREACHABLE_CODE = YES;
				CLANG_WARN__DUPLICATE_METHOD_MATCH = YES;
				"CODE_SIGN_IDENTITY[sdk=iphoneos*]" = "iPhone Developer";
				COPY_PHASE_STRIP = NO;
				DEBUG_INFORMATION_FORMAT = "dwarf-with-dsym";
				ENABLE_NS_ASSERTIONS = NO;
				ENABLE_STRICT_OBJC_MSGSEND = YES;
				GCC_C_LANGUAGE_STANDARD = gnu99;
				GCC_NO_COMMON_BLOCKS = YES;
				GCC_WARN_64_TO_32_BIT_CONVERSION = YES;
				GCC_WARN_ABOUT_RETURN_TYPE = YES_ERROR;
				GCC_WARN_UNDECLARED_SELECTOR = YES;
				GCC_WARN_UNINITIALIZED_AUTOS = YES_AGGRESSIVE;
				GCC_WARN_UNUSED_FUNCTION = YES;
				GCC_WARN_UNUSED_VARIABLE = YES;
				IPHONEOS_DEPLOYMENT_TARGET = 9.0;
				MTL_ENABLE_DEBUG_INFO = NO;
				SDKROOT = iphoneos;
				VALIDATE_PRODUCT = YES;
			};
			name = Release;
		};
		97BBEE2C1BDBDF1B00AE1782 /* Debug */ = {
			isa = XCBuildConfiguration;
			buildSettings = {
				ASSETCATALOG_COMPILER_APPICON_NAME = AppIcon;
				INFOPLIST_FILE = "Deck界面2/Info.plist";
				LD_RUNPATH_SEARCH_PATHS = "$(inherited) @executable_path/Frameworks";
				PRODUCT_BUNDLE_IDENTIFIER = "com.chenlin.study.Deck--2";
				PRODUCT_NAME = "$(TARGET_NAME)";
			};
			name = Debug;
		};
		97BBEE2D1BDBDF1B00AE1782 /* Release */ = {
			isa = XCBuildConfiguration;
			buildSettings = {
				ASSETCATALOG_COMPILER_APPICON_NAME = AppIcon;
				INFOPLIST_FILE = "Deck界面2/Info.plist";
				LD_RUNPATH_SEARCH_PATHS = "$(inherited) @executable_path/Frameworks";
				PRODUCT_BUNDLE_IDENTIFIER = "com.chenlin.study.Deck--2";
				PRODUCT_NAME = "$(TARGET_NAME)";
			};
			name = Release;
		};
/* End XCBuildConfiguration section */

/* Begin XCConfigurationList section */
		97BBEE0F1BDBDF1A00AE1782 /* Build configuration list for PBXProject "Deck界面2" */ = {
			isa = XCConfigurationList;
			buildConfigurations = (
				97BBEE291BDBDF1B00AE1782 /* Debug */,
				97BBEE2A1BDBDF1B00AE1782 /* Release */,
			);
			defaultConfigurationIsVisible = 0;
			defaultConfigurationName = Release;
		};
		97BBEE2B1BDBDF1B00AE1782 /* Build configuration list for PBXNativeTarget "Deck界面2" */ = {
			isa = XCConfigurationList;
			buildConfigurations = (
				97BBEE2C1BDBDF1B00AE1782 /* Debug */,
				97BBEE2D1BDBDF1B00AE1782 /* Release */,
			);
			defaultConfigurationIsVisible = 0;
		};
/* End XCConfigurationList section */
	};
	rootObject = 97BBEE0C1BDBDF1A00AE1782 /* Project object */;
}
